
Microsoft Visual Studio Solution File, Format Version 12.00
# Visual Studio Version 17
VisualStudioVersion = 17.5.002.0
MinimumVisualStudioVersion = 10.0.40219.1
Project("{9A19103F-16F7-4668-BE54-9A1E7A4F7556}") = "Awesomeshop.Services.Orders.Api", "Awesomeshop.Services.Orders.Api\Awesomeshop.Services.Orders.Api.csproj", "{929D42B2-788D-4B0F-B3FD-BACF08C61CC4}"
EndProject
Project("{9A19103F-16F7-4668-BE54-9A1E7A4F7556}") = "Awesomeshop.Services.Orders.Application", "Awesomeshop.Services.Orders.Application\Awesomeshop.Services.Orders.Application.csproj", "{E3B668EE-1672-4BEB-B888-3D6031E8D115}"
EndProject
Project("{9A19103F-16F7-4668-BE54-9A1E7A4F7556}") = "Awesomeshop.Services.Orders.Core", "Awesomeshop.Services.Orders.Core\Awesomeshop.Services.Orders.Core.csproj", "{7619DCD2-C463-4F1C-A9E2-69B09A60DE7B}"
EndProject
Project("{9A19103F-16F7-4668-BE54-9A1E7A4F7556}") = "Awesomeshop.Services.Orders.Infrastructure", "Awesomeshop.Services.Orders.Infrastructure\Awesomeshop.Services.Orders.Infrastructure.csproj", "{9477AC2C-8083-4949-BB35-445D68CA1343}"
EndProject
Global
	GlobalSection(SolutionConfigurationPlatforms) = preSolution
		Debug|Any CPU = Debug|Any CPU
		Release|Any CPU = Release|Any CPU
	EndGlobalSection
	GlobalSection(ProjectConfigurationPlatforms) = postSolution
		{929D42B2-788D-4B0F-B3FD-BACF08C61CC4}.Debug|Any CPU.ActiveCfg = Debug|Any CPU
		{929D42B2-788D-4B0F-B3FD-BACF08C61CC4}.Debug|Any CPU.Build.0 = Debug|Any CPU
		{929D42B2-788D-4B0F-B3FD-BACF08C61CC4}.Release|Any CPU.ActiveCfg = Release|Any CPU
		{929D42B2-788D-4B0F-B3FD-BACF08C61CC4}.Release|Any CPU.Build.0 = Release|Any CPU
		{E3B668EE-1672-4BEB-B888-3D6031E8D115}.Debug|Any CPU.ActiveCfg = Debug|Any CPU
		{E3B668EE-1672-4BEB-B888-3D6031E8D115}.Debug|Any CPU.Build.0 = Debug|Any CPU
		{E3B668EE-1672-4BEB-B888-3D6031E8D115}.Release|Any CPU.ActiveCfg = Release|Any CPU
		{E3B668EE-1672-4BEB-B888-3D6031E8D115}.Release|Any CPU.Build.0 = Release|Any CPU
		{7619DCD2-C463-4F1C-A9E2-69B09A60DE7B}.Debug|Any CPU.ActiveCfg = Debug|Any CPU
		{7619DCD2-C463-4F1C-A9E2-69B09A60DE7B}.Debug|Any CPU.Build.0 = Debug|Any CPU
		{7619DCD2-C463-4F1C-A9E2-69B09A60DE7B}.Release|Any CPU.ActiveCfg = Release|Any CPU
		{7619DCD2-C463-4F1C-A9E2-69B09A60DE7B}.Release|Any CPU.Build.0 = Release|Any CPU
		{9477AC2C-8083-4949-BB35-445D68CA1343}.Debug|Any CPU.ActiveCfg = Debug|Any CPU
		{9477AC2C-8083-4949-BB35-445D68CA1343}.Debug|Any CPU.Build.0 = Debug|Any CPU
		{9477AC2C-8083-4949-BB35-445D68CA1343}.Release|Any CPU.ActiveCfg = Release|Any CPU
		{9477AC2C-8083-4949-BB35-445D68CA1343}.Release|Any CPU.Build.0 = Release|Any CPU
	EndGlobalSection
	GlobalSection(SolutionProperties) = preSolution
		HideSolutionNode = FALSE
	EndGlobalSection
	GlobalSection(ExtensibilityGlobals) = postSolution
		SolutionGuid = {5040A02A-4547-4ADB-A30D-8273A130C6F0}
	EndGlobalSection
EndGlobal
