
Microsoft Visual Studio Solution File, Format Version 12.00
# Visual Studio Version 17
VisualStudioVersion = 17.5.002.0
MinimumVisualStudioVersion = 10.0.40219.1
Project("{9A19103F-16F7-4668-BE54-9A1E7A4F7556}") = "Awesomeshop.Services.Orders.Api", "Awesomeshop.Services.Orders.Api\Awesomeshop.Services.Orders.Api.csproj", "{8BAEB123-4E75-4EA8-96DA-EF343A0F87AE}"
EndProject
Project("{9A19103F-16F7-4668-BE54-9A1E7A4F7556}") = "Awesomeshop.Services.Orders.Application", "Awesomeshop.Services.Orders.Application\Awesomeshop.Services.Orders.Application.csproj", "{C80F6178-411F-4B72-BCC3-7B0EB65BE40C}"
EndProject
Project("{9A19103F-16F7-4668-BE54-9A1E7A4F7556}") = "Awesomeshop.Services.Orders.Core", "Awesomeshop.Services.Orders.Core\Awesomeshop.Services.Orders.Core.csproj", "{C4DF874E-644D-4D2A-A1E8-3DC72C708C5B}"
EndProject
Project("{9A19103F-16F7-4668-BE54-9A1E7A4F7556}") = "Awesomeshop.Services.Orders.Infrastructure", "Awesomeshop.Services.Orders.Infrastructure\Awesomeshop.Services.Orders.Infrastructure.csproj", "{22E31E69-2F2D-4BA1-8774-A498F6A38982}"
EndProject
Global
	GlobalSection(SolutionConfigurationPlatforms) = preSolution
		Debug|Any CPU = Debug|Any CPU
		Release|Any CPU = Release|Any CPU
	EndGlobalSection
	GlobalSection(ProjectConfigurationPlatforms) = postSolution
		{8BAEB123-4E75-4EA8-96DA-EF343A0F87AE}.Debug|Any CPU.ActiveCfg = Debug|Any CPU
		{8BAEB123-4E75-4EA8-96DA-EF343A0F87AE}.Debug|Any CPU.Build.0 = Debug|Any CPU
		{8BAEB123-4E75-4EA8-96DA-EF343A0F87AE}.Release|Any CPU.ActiveCfg = Release|Any CPU
		{8BAEB123-4E75-4EA8-96DA-EF343A0F87AE}.Release|Any CPU.Build.0 = Release|Any CPU
		{C80F6178-411F-4B72-BCC3-7B0EB65BE40C}.Debug|Any CPU.ActiveCfg = Debug|Any CPU
		{C80F6178-411F-4B72-BCC3-7B0EB65BE40C}.Debug|Any CPU.Build.0 = Debug|Any CPU
		{C80F6178-411F-4B72-BCC3-7B0EB65BE40C}.Release|Any CPU.ActiveCfg = Release|Any CPU
		{C80F6178-411F-4B72-BCC3-7B0EB65BE40C}.Release|Any CPU.Build.0 = Release|Any CPU
		{C4DF874E-644D-4D2A-A1E8-3DC72C708C5B}.Debug|Any CPU.ActiveCfg = Debug|Any CPU
		{C4DF874E-644D-4D2A-A1E8-3DC72C708C5B}.Debug|Any CPU.Build.0 = Debug|Any CPU
		{C4DF874E-644D-4D2A-A1E8-3DC72C708C5B}.Release|Any CPU.ActiveCfg = Release|Any CPU
		{C4DF874E-644D-4D2A-A1E8-3DC72C708C5B}.Release|Any CPU.Build.0 = Release|Any CPU
		{22E31E69-2F2D-4BA1-8774-A498F6A38982}.Debug|Any CPU.ActiveCfg = Debug|Any CPU
		{22E31E69-2F2D-4BA1-8774-A498F6A38982}.Debug|Any CPU.Build.0 = Debug|Any CPU
		{22E31E69-2F2D-4BA1-8774-A498F6A38982}.Release|Any CPU.ActiveCfg = Release|Any CPU
		{22E31E69-2F2D-4BA1-8774-A498F6A38982}.Release|Any CPU.Build.0 = Release|Any CPU
	EndGlobalSection
	GlobalSection(SolutionProperties) = preSolution
		HideSolutionNode = FALSE
	EndGlobalSection
	GlobalSection(ExtensibilityGlobals) = postSolution
		SolutionGuid = {CE995600-DACF-4A3F-9CF4-6DFB6B3E291C}
	EndGlobalSection
EndGlobal
